
Microsoft Visual Studio Solution File, Format Version 12.00
# Visual Studio Version 17
VisualStudioVersion = 17.9.34728.123
MinimumVisualStudioVersion = 10.0.40219.1
Project("{FAE04EC0-301F-11D3-BF4B-00C04F79EFBC}") = "backend-sprint8", "backend-sprint8.csproj", "{7907F2C7-D439-42C3-BD5B-E34D871C5C33}"
EndProject
Global
	GlobalSection(SolutionConfigurationPlatforms) = preSolution
		Debug|Any CPU = Debug|Any CPU
		Release|Any CPU = Release|Any CPU
	EndGlobalSection
	GlobalSection(ProjectConfigurationPlatforms) = postSolution
		{7907F2C7-D439-42C3-BD5B-E34D871C5C33}.Debug|Any CPU.ActiveCfg = Debug|Any CPU
		{7907F2C7-D439-42C3-BD5B-E34D871C5C33}.Debug|Any CPU.Build.0 = Debug|Any CPU
		{7907F2C7-D439-42C3-BD5B-E34D871C5C33}.Release|Any CPU.ActiveCfg = Release|Any CPU
		{7907F2C7-D439-42C3-BD5B-E34D871C5C33}.Release|Any CPU.Build.0 = Release|Any CPU
	EndGlobalSection
	GlobalSection(SolutionProperties) = preSolution
		HideSolutionNode = FALSE
	EndGlobalSection
	GlobalSection(ExtensibilityGlobals) = postSolution
		SolutionGuid = {20288038-9349-479C-9C5B-9213D334BA9B}
	EndGlobalSection
EndGlobal
